
Microsoft Visual Studio Solution File, Format Version 12.00
# Visual Studio Version 17
VisualStudioVersion = 17.1.32319.34
MinimumVisualStudioVersion = 10.0.40219.1
Project("{FAE04EC0-301F-11D3-BF4B-00C04F79EFBC}") = "Data", "Data\Data.csproj", "{BC627FF6-87BB-4483-841E-4F5D0DA78D57}"
EndProject
Project("{FAE04EC0-301F-11D3-BF4B-00C04F79EFBC}") = "Logic", "Logic\Logic.csproj", "{4A8BEED5-B832-4988-8E89-36E7790FF455}"
EndProject
Project("{FAE04EC0-301F-11D3-BF4B-00C04F79EFBC}") = "PresentationView", "PresentationView\PresentationView.csproj", "{9A965947-AA3A-4282-B099-CF830BA091BB}"
EndProject
Project("{FAE04EC0-301F-11D3-BF4B-00C04F79EFBC}") = "PresentationModel", "PresentationModel\PresentationModel.csproj", "{4591E584-66A8-4103-A502-E902425C3AAE}"
EndProject
Project("{FAE04EC0-301F-11D3-BF4B-00C04F79EFBC}") = "PresentationViewModel", "PresentationViewModel\PresentationViewModel.csproj", "{9132E2AC-BB60-4E6C-93C6-8B7BFE72A808}"
EndProject
Project("{FAE04EC0-301F-11D3-BF4B-00C04F79EFBC}") = "Tests", "Tests\Tests.csproj", "{8421FF6E-8C86-49B2-B28D-8C47E281F5D3}"
EndProject
Global
	GlobalSection(SolutionConfigurationPlatforms) = preSolution
		Debug|Any CPU = Debug|Any CPU
		Release|Any CPU = Release|Any CPU
	EndGlobalSection
	GlobalSection(ProjectConfigurationPlatforms) = postSolution
		{BC627FF6-87BB-4483-841E-4F5D0DA78D57}.Debug|Any CPU.ActiveCfg = Debug|Any CPU
		{BC627FF6-87BB-4483-841E-4F5D0DA78D57}.Debug|Any CPU.Build.0 = Debug|Any CPU
		{BC627FF6-87BB-4483-841E-4F5D0DA78D57}.Release|Any CPU.ActiveCfg = Release|Any CPU
		{BC627FF6-87BB-4483-841E-4F5D0DA78D57}.Release|Any CPU.Build.0 = Release|Any CPU
		{4A8BEED5-B832-4988-8E89-36E7790FF455}.Debug|Any CPU.ActiveCfg = Debug|Any CPU
		{4A8BEED5-B832-4988-8E89-36E7790FF455}.Debug|Any CPU.Build.0 = Debug|Any CPU
		{4A8BEED5-B832-4988-8E89-36E7790FF455}.Release|Any CPU.ActiveCfg = Release|Any CPU
		{4A8BEED5-B832-4988-8E89-36E7790FF455}.Release|Any CPU.Build.0 = Release|Any CPU
		{9A965947-AA3A-4282-B099-CF830BA091BB}.Debug|Any CPU.ActiveCfg = Debug|Any CPU
		{9A965947-AA3A-4282-B099-CF830BA091BB}.Debug|Any CPU.Build.0 = Debug|Any CPU
		{9A965947-AA3A-4282-B099-CF830BA091BB}.Release|Any CPU.ActiveCfg = Release|Any CPU
		{9A965947-AA3A-4282-B099-CF830BA091BB}.Release|Any CPU.Build.0 = Release|Any CPU
		{4591E584-66A8-4103-A502-E902425C3AAE}.Debug|Any CPU.ActiveCfg = Debug|Any CPU
		{4591E584-66A8-4103-A502-E902425C3AAE}.Debug|Any CPU.Build.0 = Debug|Any CPU
		{4591E584-66A8-4103-A502-E902425C3AAE}.Release|Any CPU.ActiveCfg = Release|Any CPU
		{4591E584-66A8-4103-A502-E902425C3AAE}.Release|Any CPU.Build.0 = Release|Any CPU
		{9132E2AC-BB60-4E6C-93C6-8B7BFE72A808}.Debug|Any CPU.ActiveCfg = Debug|Any CPU
		{9132E2AC-BB60-4E6C-93C6-8B7BFE72A808}.Debug|Any CPU.Build.0 = Debug|Any CPU
		{9132E2AC-BB60-4E6C-93C6-8B7BFE72A808}.Release|Any CPU.ActiveCfg = Release|Any CPU
		{9132E2AC-BB60-4E6C-93C6-8B7BFE72A808}.Release|Any CPU.Build.0 = Release|Any CPU
		{8421FF6E-8C86-49B2-B28D-8C47E281F5D3}.Debug|Any CPU.ActiveCfg = Debug|Any CPU
		{8421FF6E-8C86-49B2-B28D-8C47E281F5D3}.Debug|Any CPU.Build.0 = Debug|Any CPU
		{8421FF6E-8C86-49B2-B28D-8C47E281F5D3}.Release|Any CPU.ActiveCfg = Release|Any CPU
		{8421FF6E-8C86-49B2-B28D-8C47E281F5D3}.Release|Any CPU.Build.0 = Release|Any CPU
	EndGlobalSection
	GlobalSection(SolutionProperties) = preSolution
		HideSolutionNode = FALSE
	EndGlobalSection
	GlobalSection(ExtensibilityGlobals) = postSolution
		SolutionGuid = {B473D93F-B9C3-4FB8-8F5F-F568B09EA2DF}
	EndGlobalSection
EndGlobal
